{
  "requires": true,
  "lockfileVersion": 1,
  "dependencies": {
    "django-formset": {
      "version": "0.2.1",
      "resolved": "https://registry.npmjs.org/django-formset/-/django-formset-0.2.1.tgz",
      "integrity": "sha512-TzdSnIGm89dL4b2k1TBfev6BwwD435/wKuEwE0wlkBfKRsHrPNF83ctKYxnCTZTlNs5/GL/9S+qtJBqyNCNeKg=="
    }
  }
}
